
Microsoft Visual Studio Solution File, Format Version 12.00
# Visual Studio Version 17
VisualStudioVersion = 17.4.33213.308
MinimumVisualStudioVersion = 10.0.40219.1
Project("{9A19103F-16F7-4668-BE54-9A1E7A4F7556}") = "ConsoleApp23", "ConsoleApp23\ConsoleApp23.csproj", "{C5DBD49F-A5F4-4D1B-A74C-CAF1E85F7357}"
EndProject
Project("{FAE04EC0-301F-11D3-BF4B-00C04F79EFBC}") = "ChallengeApp23.Test", "ChallengeApp23.Test\ChallengeApp23.Test.csproj", "{B628FEA0-D25C-4712-8A96-EC6D0B51E4B4}"
EndProject
Global
	GlobalSection(SolutionConfigurationPlatforms) = preSolution
		Debug|Any CPU = Debug|Any CPU
		Release|Any CPU = Release|Any CPU
	EndGlobalSection
	GlobalSection(ProjectConfigurationPlatforms) = postSolution
		{C5DBD49F-A5F4-4D1B-A74C-CAF1E85F7357}.Debug|Any CPU.ActiveCfg = Debug|Any CPU
		{C5DBD49F-A5F4-4D1B-A74C-CAF1E85F7357}.Debug|Any CPU.Build.0 = Debug|Any CPU
		{C5DBD49F-A5F4-4D1B-A74C-CAF1E85F7357}.Release|Any CPU.ActiveCfg = Release|Any CPU
		{C5DBD49F-A5F4-4D1B-A74C-CAF1E85F7357}.Release|Any CPU.Build.0 = Release|Any CPU
		{B628FEA0-D25C-4712-8A96-EC6D0B51E4B4}.Debug|Any CPU.ActiveCfg = Debug|Any CPU
		{B628FEA0-D25C-4712-8A96-EC6D0B51E4B4}.Debug|Any CPU.Build.0 = Debug|Any CPU
		{B628FEA0-D25C-4712-8A96-EC6D0B51E4B4}.Release|Any CPU.ActiveCfg = Release|Any CPU
		{B628FEA0-D25C-4712-8A96-EC6D0B51E4B4}.Release|Any CPU.Build.0 = Release|Any CPU
	EndGlobalSection
	GlobalSection(SolutionProperties) = preSolution
		HideSolutionNode = FALSE
	EndGlobalSection
	GlobalSection(ExtensibilityGlobals) = postSolution
		SolutionGuid = {736BD998-0097-44A4-8E13-6B244FF62914}
	EndGlobalSection
EndGlobal
